
Microsoft Visual Studio Solution File, Format Version 11.00
# Visual Studio 2010
# SharpDevelop 5.1
Project("{FAE04EC0-301F-11D3-BF4B-00C04F79EFBC}") = "ToBank", "ToBank.csproj", "{8BB6D05F-BA5C-4423-9246-E406B739E897}"
EndProject
Global
	GlobalSection(SolutionConfigurationPlatforms) = preSolution
		Debug|Any CPU = Debug|Any CPU
		Release|Any CPU = Release|Any CPU
	EndGlobalSection
	GlobalSection(ProjectConfigurationPlatforms) = postSolution
		{8BB6D05F-BA5C-4423-9246-E406B739E897}.Debug|Any CPU.ActiveCfg = Debug|Any CPU
		{8BB6D05F-BA5C-4423-9246-E406B739E897}.Debug|Any CPU.Build.0 = Debug|Any CPU
		{8BB6D05F-BA5C-4423-9246-E406B739E897}.Release|Any CPU.ActiveCfg = Release|Any CPU
		{8BB6D05F-BA5C-4423-9246-E406B739E897}.Release|Any CPU.Build.0 = Release|Any CPU
	EndGlobalSection
EndGlobal
